
Microsoft Visual Studio Solution File, Format Version 12.00
# Visual Studio Version 16
VisualStudioVersion = 16.0.32428.217
MinimumVisualStudioVersion = 10.0.40219.1
Project("{FAE04EC0-301F-11D3-BF4B-00C04F79EFBC}") = "Aprovado_Reprovado", "Aprovado_Reprovado\Aprovado_Reprovado.csproj", "{5ADA4024-65F0-4488-9FED-5063AE6C0A48}"
EndProject
Global
	GlobalSection(SolutionConfigurationPlatforms) = preSolution
		Debug|Any CPU = Debug|Any CPU
		Release|Any CPU = Release|Any CPU
	EndGlobalSection
	GlobalSection(ProjectConfigurationPlatforms) = postSolution
		{5ADA4024-65F0-4488-9FED-5063AE6C0A48}.Debug|Any CPU.ActiveCfg = Debug|Any CPU
		{5ADA4024-65F0-4488-9FED-5063AE6C0A48}.Debug|Any CPU.Build.0 = Debug|Any CPU
		{5ADA4024-65F0-4488-9FED-5063AE6C0A48}.Release|Any CPU.ActiveCfg = Release|Any CPU
		{5ADA4024-65F0-4488-9FED-5063AE6C0A48}.Release|Any CPU.Build.0 = Release|Any CPU
	EndGlobalSection
	GlobalSection(SolutionProperties) = preSolution
		HideSolutionNode = FALSE
	EndGlobalSection
	GlobalSection(ExtensibilityGlobals) = postSolution
		SolutionGuid = {973D020E-67B4-40BC-ACC8-21678561A320}
	EndGlobalSection
EndGlobal
